
Microsoft Visual Studio Solution File, Format Version 12.00
# Visual Studio Version 17
VisualStudioVersion = 17.3.32819.101
MinimumVisualStudioVersion = 10.0.40219.1
Project("{FAE04EC0-301F-11D3-BF4B-00C04F79EFBC}") = "Example_Console1", "Example_Console1\Example_Console1.csproj", "{A79E607F-89ED-47F4-9D71-58F00315A023}"
EndProject
Global
	GlobalSection(SolutionConfigurationPlatforms) = preSolution
		Debug|Any CPU = Debug|Any CPU
		Release|Any CPU = Release|Any CPU
	EndGlobalSection
	GlobalSection(ProjectConfigurationPlatforms) = postSolution
		{A79E607F-89ED-47F4-9D71-58F00315A023}.Debug|Any CPU.ActiveCfg = Debug|Any CPU
		{A79E607F-89ED-47F4-9D71-58F00315A023}.Debug|Any CPU.Build.0 = Debug|Any CPU
		{A79E607F-89ED-47F4-9D71-58F00315A023}.Release|Any CPU.ActiveCfg = Release|Any CPU
		{A79E607F-89ED-47F4-9D71-58F00315A023}.Release|Any CPU.Build.0 = Release|Any CPU
	EndGlobalSection
	GlobalSection(SolutionProperties) = preSolution
		HideSolutionNode = FALSE
	EndGlobalSection
	GlobalSection(ExtensibilityGlobals) = postSolution
		SolutionGuid = {5CBFD7B8-5A7D-4AAB-8020-C3165913EB39}
	EndGlobalSection
EndGlobal
